
Microsoft Visual Studio Solution File, Format Version 12.00
# Visual Studio 15
VisualStudioVersion = 15.0.28010.2050
MinimumVisualStudioVersion = 10.0.40219.1
Project("{FAE04EC0-301F-11D3-BF4B-00C04F79EFBC}") = "TestingLab3", "TestingLab3\TestingLab3.csproj", "{FD14ADBA-11E1-43A4-AB96-2764D5E90785}"
EndProject
Global
	GlobalSection(SolutionConfigurationPlatforms) = preSolution
		Debug|Any CPU = Debug|Any CPU
		Release|Any CPU = Release|Any CPU
	EndGlobalSection
	GlobalSection(ProjectConfigurationPlatforms) = postSolution
		{FD14ADBA-11E1-43A4-AB96-2764D5E90785}.Debug|Any CPU.ActiveCfg = Debug|Any CPU
		{FD14ADBA-11E1-43A4-AB96-2764D5E90785}.Debug|Any CPU.Build.0 = Debug|Any CPU
		{FD14ADBA-11E1-43A4-AB96-2764D5E90785}.Release|Any CPU.ActiveCfg = Release|Any CPU
		{FD14ADBA-11E1-43A4-AB96-2764D5E90785}.Release|Any CPU.Build.0 = Release|Any CPU
	EndGlobalSection
	GlobalSection(SolutionProperties) = preSolution
		HideSolutionNode = FALSE
	EndGlobalSection
	GlobalSection(ExtensibilityGlobals) = postSolution
		SolutionGuid = {53BB60B8-52F9-4897-A928-C8B5BF00164D}
	EndGlobalSection
EndGlobal
