
Microsoft Visual Studio Solution File, Format Version 12.00
# Visual Studio 15
VisualStudioVersion = 15.0.28010.2050
MinimumVisualStudioVersion = 10.0.40219.1
Project("{FAE04EC0-301F-11D3-BF4B-00C04F79EFBC}") = "ConsoleLab1Test", "ConsoleLab1Test\ConsoleLab1Test.csproj", "{32AB80CB-775F-4372-9CF6-1D6706CB0F6C}"
EndProject
Project("{FAE04EC0-301F-11D3-BF4B-00C04F79EFBC}") = "ConsoleLab1Test.UnitTests", "[ConsoleLab1Test].UnitTests\ConsoleLab1Test.UnitTests.csproj", "{D0254AE3-7829-45D1-A65A-AFA9AFD3E481}"
EndProject
Global
	GlobalSection(SolutionConfigurationPlatforms) = preSolution
		Debug|Any CPU = Debug|Any CPU
		Release|Any CPU = Release|Any CPU
	EndGlobalSection
	GlobalSection(ProjectConfigurationPlatforms) = postSolution
		{32AB80CB-775F-4372-9CF6-1D6706CB0F6C}.Debug|Any CPU.ActiveCfg = Debug|Any CPU
		{32AB80CB-775F-4372-9CF6-1D6706CB0F6C}.Debug|Any CPU.Build.0 = Debug|Any CPU
		{32AB80CB-775F-4372-9CF6-1D6706CB0F6C}.Release|Any CPU.ActiveCfg = Release|Any CPU
		{32AB80CB-775F-4372-9CF6-1D6706CB0F6C}.Release|Any CPU.Build.0 = Release|Any CPU
		{D0254AE3-7829-45D1-A65A-AFA9AFD3E481}.Debug|Any CPU.ActiveCfg = Debug|Any CPU
		{D0254AE3-7829-45D1-A65A-AFA9AFD3E481}.Debug|Any CPU.Build.0 = Debug|Any CPU
		{D0254AE3-7829-45D1-A65A-AFA9AFD3E481}.Release|Any CPU.ActiveCfg = Release|Any CPU
		{D0254AE3-7829-45D1-A65A-AFA9AFD3E481}.Release|Any CPU.Build.0 = Release|Any CPU
	EndGlobalSection
	GlobalSection(SolutionProperties) = preSolution
		HideSolutionNode = FALSE
	EndGlobalSection
	GlobalSection(ExtensibilityGlobals) = postSolution
		SolutionGuid = {CC0D8FDC-565A-4AC8-ABF8-8B1C24C104C1}
	EndGlobalSection
EndGlobal
